github.com/northbright/httputil v1.2.1 h1:+/XzvrI7JgvresiPN8dY9TyDuvadW/Nr2QdkHCt1pWk=
github.com/northbright/httputil v1.2.1/go.mod h1:ANMNxMzrd1ffD1SDsxtD1COSM2Nyq2Y6iqis8bqdDoU=
github.com/northbright/pathelper v1.0.7 h1:s9iUCqwVe6zo5lz1nI3kcufyBOZ6IpSD2HtisKN+2hk=
github.com/northbright/pathelper v1.0.7/go.mod h1:LBNv/o8YBdntBXTIWuzdhp+UzLqI4lJoCETHo1QM9Bw=
